
Microsoft Visual Studio Solution File, Format Version 12.00
# Visual Studio 15
VisualStudioVersion = 15.0.27004.2005
MinimumVisualStudioVersion = 10.0.40219.1
Project("{FAE04EC0-301F-11D3-BF4B-00C04F79EFBC}") = "Demo.WebApi", "Demo.WebApi\Demo.WebApi.csproj", "{26952387-341F-4CFB-9639-82182B66AD0C}"
EndProject
Project("{FAE04EC0-301F-11D3-BF4B-00C04F79EFBC}") = "Demo.DAL", "Demo.DAL\Demo.DAL.csproj", "{163A5D57-E9BE-4796-AD35-26EF68BE8B3E}"
EndProject
Project("{FAE04EC0-301F-11D3-BF4B-00C04F79EFBC}") = "Demo.UTL", "Demo.UTL\Demo.UTL.csproj", "{CA3262AC-D355-4E8D-B877-D6482E9D068F}"
EndProject
Global
	GlobalSection(SolutionConfigurationPlatforms) = preSolution
		Debug|Any CPU = Debug|Any CPU
		Release|Any CPU = Release|Any CPU
	EndGlobalSection
	GlobalSection(ProjectConfigurationPlatforms) = postSolution
		{26952387-341F-4CFB-9639-82182B66AD0C}.Debug|Any CPU.ActiveCfg = Debug|Any CPU
		{26952387-341F-4CFB-9639-82182B66AD0C}.Debug|Any CPU.Build.0 = Debug|Any CPU
		{26952387-341F-4CFB-9639-82182B66AD0C}.Release|Any CPU.ActiveCfg = Release|Any CPU
		{26952387-341F-4CFB-9639-82182B66AD0C}.Release|Any CPU.Build.0 = Release|Any CPU
		{163A5D57-E9BE-4796-AD35-26EF68BE8B3E}.Debug|Any CPU.ActiveCfg = Debug|Any CPU
		{163A5D57-E9BE-4796-AD35-26EF68BE8B3E}.Debug|Any CPU.Build.0 = Debug|Any CPU
		{163A5D57-E9BE-4796-AD35-26EF68BE8B3E}.Release|Any CPU.ActiveCfg = Release|Any CPU
		{163A5D57-E9BE-4796-AD35-26EF68BE8B3E}.Release|Any CPU.Build.0 = Release|Any CPU
		{CA3262AC-D355-4E8D-B877-D6482E9D068F}.Debug|Any CPU.ActiveCfg = Debug|Any CPU
		{CA3262AC-D355-4E8D-B877-D6482E9D068F}.Debug|Any CPU.Build.0 = Debug|Any CPU
		{CA3262AC-D355-4E8D-B877-D6482E9D068F}.Release|Any CPU.ActiveCfg = Release|Any CPU
		{CA3262AC-D355-4E8D-B877-D6482E9D068F}.Release|Any CPU.Build.0 = Release|Any CPU
	EndGlobalSection
	GlobalSection(SolutionProperties) = preSolution
		HideSolutionNode = FALSE
	EndGlobalSection
	GlobalSection(ExtensibilityGlobals) = postSolution
		SolutionGuid = {EF427DAC-8995-48AD-A49D-DC70C9079077}
		VisualSVNWorkingCopyRoot = .
	EndGlobalSection
EndGlobal
